{
  "name": "315lab2",
  "lockfileVersion": 3,
  "requires": true,
  "packages": {
    "": {
      "dependencies": {
        "example-lodash": "^1.0.2"
      }
    },
    "node_modules/example-lodash": {
      "version": "1.0.2",
      "resolved": "https://registry.npmjs.org/example-lodash/-/example-lodash-1.0.2.tgz",
      "integrity": "sha512-rMH0ABYO8EHHeRqrx4gcPxWEgqLcSjw2dGfh22vKZwqrSuIDoBO+OlZV61kJ7THbcfD6EX+ghIwPEeI+0T165Q=="
    }
  }
}
